
Microsoft Visual Studio Solution File, Format Version 12.00
# Visual Studio Version 16
VisualStudioVersion = 16.0.32002.261
MinimumVisualStudioVersion = 10.0.40219.1
Project("{9A19103F-16F7-4668-BE54-9A1E7A4F7556}") = "Group3-14_Project2", "Group3-14_Project2.csproj", "{CABE0279-47C2-45D0-9C38-8B38DF525C29}"
EndProject
Global
	GlobalSection(SolutionConfigurationPlatforms) = preSolution
		Debug|Any CPU = Debug|Any CPU
		Release|Any CPU = Release|Any CPU
	EndGlobalSection
	GlobalSection(ProjectConfigurationPlatforms) = postSolution
		{CABE0279-47C2-45D0-9C38-8B38DF525C29}.Debug|Any CPU.ActiveCfg = Debug|Any CPU
		{CABE0279-47C2-45D0-9C38-8B38DF525C29}.Debug|Any CPU.Build.0 = Debug|Any CPU
		{CABE0279-47C2-45D0-9C38-8B38DF525C29}.Release|Any CPU.ActiveCfg = Release|Any CPU
		{CABE0279-47C2-45D0-9C38-8B38DF525C29}.Release|Any CPU.Build.0 = Release|Any CPU
	EndGlobalSection
	GlobalSection(SolutionProperties) = preSolution
		HideSolutionNode = FALSE
	EndGlobalSection
	GlobalSection(ExtensibilityGlobals) = postSolution
		SolutionGuid = {3A380E36-E5A4-4E3D-9425-900CE266C8EA}
	EndGlobalSection
EndGlobal
